
Microsoft Visual Studio Solution File, Format Version 12.00
# Visual Studio 2012
# SharpDevelop 5.1
VisualStudioVersion = 12.0.20827.3
MinimumVisualStudioVersion = 10.0.40219.1
Project("{FAE04EC0-301F-11D3-BF4B-00C04F79EFBC}") = "Questor", "Questor\Questor.csproj", "{0E528457-6A20-441F-94BB-84F6FC0EEE70}"
EndProject
Global
	GlobalSection(SolutionConfigurationPlatforms) = preSolution
		CodeAnalysis - Debug|Any CPU = CodeAnalysis - Debug|Any CPU
		CodeAnalysis - Debug|Mixed Platforms = CodeAnalysis - Debug|Mixed Platforms
		CodeAnalysis - Debug|Win32 = CodeAnalysis - Debug|Win32
		CodeAnalysis - Debug|x86 = CodeAnalysis - Debug|x86
		Debug|Any CPU = Debug|Any CPU
		Debug|Mixed Platforms = Debug|Mixed Platforms
		Debug|Win32 = Debug|Win32
		Debug|x86 = Debug|x86
		Release|Any CPU = Release|Any CPU
		Release|Mixed Platforms = Release|Mixed Platforms
		Release|Win32 = Release|Win32
		Release|x86 = Release|x86
	EndGlobalSection
	GlobalSection(ProjectConfigurationPlatforms) = postSolution
		{0E528457-6A20-441F-94BB-84F6FC0EEE70}.CodeAnalysis - Debug|Any CPU.ActiveCfg = Debug|x86
		{0E528457-6A20-441F-94BB-84F6FC0EEE70}.CodeAnalysis - Debug|Mixed Platforms.ActiveCfg = Debug|x86
		{0E528457-6A20-441F-94BB-84F6FC0EEE70}.CodeAnalysis - Debug|Mixed Platforms.Build.0 = Debug|x86
		{0E528457-6A20-441F-94BB-84F6FC0EEE70}.CodeAnalysis - Debug|Win32.ActiveCfg = Debug|x86
		{0E528457-6A20-441F-94BB-84F6FC0EEE70}.CodeAnalysis - Debug|Win32.Build.0 = Debug|x86
		{0E528457-6A20-441F-94BB-84F6FC0EEE70}.CodeAnalysis - Debug|x86.ActiveCfg = Debug|x86
		{0E528457-6A20-441F-94BB-84F6FC0EEE70}.CodeAnalysis - Debug|x86.Build.0 = Debug|x86
		{0E528457-6A20-441F-94BB-84F6FC0EEE70}.Debug|Any CPU.ActiveCfg = Debug|x86
		{0E528457-6A20-441F-94BB-84F6FC0EEE70}.Debug|Mixed Platforms.ActiveCfg = Debug|x86
		{0E528457-6A20-441F-94BB-84F6FC0EEE70}.Debug|Mixed Platforms.Build.0 = Debug|x86
		{0E528457-6A20-441F-94BB-84F6FC0EEE70}.Debug|Win32.ActiveCfg = Debug|x86
		{0E528457-6A20-441F-94BB-84F6FC0EEE70}.Debug|x86.ActiveCfg = Debug|x86
		{0E528457-6A20-441F-94BB-84F6FC0EEE70}.Debug|x86.Build.0 = Debug|x86
		{0E528457-6A20-441F-94BB-84F6FC0EEE70}.Release|Any CPU.ActiveCfg = Release|x86
		{0E528457-6A20-441F-94BB-84F6FC0EEE70}.Release|Mixed Platforms.ActiveCfg = Release|x86
		{0E528457-6A20-441F-94BB-84F6FC0EEE70}.Release|Mixed Platforms.Build.0 = Release|x86
		{0E528457-6A20-441F-94BB-84F6FC0EEE70}.Release|Win32.ActiveCfg = Release|x86
		{0E528457-6A20-441F-94BB-84F6FC0EEE70}.Release|x86.ActiveCfg = Release|x86
		{0E528457-6A20-441F-94BB-84F6FC0EEE70}.Release|x86.Build.0 = Release|x86
	EndGlobalSection
	GlobalSection(SolutionProperties) = preSolution
		HideSolutionNode = FALSE
	EndGlobalSection
EndGlobal
